# THIS IS AN AUTOGENERATED FILE. DO NOT EDIT THIS FILE DIRECTLY.
# yarn lockfile v1


"@nanobox/project@nanobox-io/nanobox-dash-ui-sequence-viewer#digio":
  version "0.0.0"
  resolved "https://codeload.github.com/nanobox-io/nanobox-dash-ui-sequence-viewer/tar.gz/a67b21adf3563b1fe9397e175ff0c9245a11a3d6"
